{
  "name": "Saving-password-and-setting-username-in-cookie---Practice-assignment-2",
  "lockfileVersion": 3,
  "requires": true,
  "packages": {
    "": {
      "dependencies": {
        "hashlib": "^1.0.1",
        "servor": "^4.0.2"
      }
    },
    "node_modules/hashlib": {
      "version": "1.0.1",
      "resolved": "https://registry.npmjs.org/hashlib/-/hashlib-1.0.1.tgz",
      "integrity": "sha512-Ah5KVQJp/FsvVxi47kUO7NXfVEj4Prxrtg5u/xLLtK/Mb7WLmIY+QcgH0AAOmrfr89CUkmeDbztJJu2QzHvzLg==",
      "hasInstallScript": true,
      "engines": {
        "node": ">= 0.2.0"
      }
    },
    "node_modules/servor": {
      "version": "4.0.2",
      "resolved": "https://registry.npmjs.org/servor/-/servor-4.0.2.tgz",
      "integrity": "sha512-MlmQ5Ntv4jDYUN060x/KEmN7emvIqKMZ9OkM+nY8Bf2+KkyLmGsTqWLyAN2cZr5oESAcH00UanUyyrlS1LRjFw==",
      "bin": {
        "servor": "cli.js"
      }
    }
  }
}
